
Microsoft Visual Studio Solution File, Format Version 11.00
# Visual C++ Express 2010
Project("{8BC9CEB8-8B4A-11D0-8D11-00A0C91BC942}") = "test_1_4", "test_1_4\test_1_4.vcxproj", "{26FB7E71-1B64-4B91-8709-42C2FB45105E}"
EndProject
Global
	GlobalSection(SolutionConfigurationPlatforms) = preSolution
		Debug|Win32 = Debug|Win32
		Release|Win32 = Release|Win32
	EndGlobalSection
	GlobalSection(ProjectConfigurationPlatforms) = postSolution
		{26FB7E71-1B64-4B91-8709-42C2FB45105E}.Debug|Win32.ActiveCfg = Debug|Win32
		{26FB7E71-1B64-4B91-8709-42C2FB45105E}.Debug|Win32.Build.0 = Debug|Win32
		{26FB7E71-1B64-4B91-8709-42C2FB45105E}.Release|Win32.ActiveCfg = Release|Win32
		{26FB7E71-1B64-4B91-8709-42C2FB45105E}.Release|Win32.Build.0 = Release|Win32
	EndGlobalSection
	GlobalSection(SolutionProperties) = preSolution
		HideSolutionNode = FALSE
	EndGlobalSection
EndGlobal
