
Microsoft Visual Studio Solution File, Format Version 11.00
# Visual C++ Express 2010
Project("{8BC9CEB8-8B4A-11D0-8D11-00A0C91BC942}") = "test_1_2", "test_1_2\test_1_2.vcxproj", "{0C96C3A4-1274-4AD8-ADA7-E4DAD218FBAD}"
EndProject
Global
	GlobalSection(SolutionConfigurationPlatforms) = preSolution
		Debug|Win32 = Debug|Win32
		Release|Win32 = Release|Win32
	EndGlobalSection
	GlobalSection(ProjectConfigurationPlatforms) = postSolution
		{0C96C3A4-1274-4AD8-ADA7-E4DAD218FBAD}.Debug|Win32.ActiveCfg = Debug|Win32
		{0C96C3A4-1274-4AD8-ADA7-E4DAD218FBAD}.Debug|Win32.Build.0 = Debug|Win32
		{0C96C3A4-1274-4AD8-ADA7-E4DAD218FBAD}.Release|Win32.ActiveCfg = Release|Win32
		{0C96C3A4-1274-4AD8-ADA7-E4DAD218FBAD}.Release|Win32.Build.0 = Release|Win32
	EndGlobalSection
	GlobalSection(SolutionProperties) = preSolution
		HideSolutionNode = FALSE
	EndGlobalSection
EndGlobal
